// !$*UTF8*$!
{
	archiveVersion = 1;
	classes = {
	};
	objectVersion = 50;
	objects = {

/* Begin PBXBuildFile section */
		B026897323D50C3100F64690 /* PageLoader.swift in Sources */ = {isa = PBXBuildFile; fileRef = B026897223D50C3100F64690 /* PageLoader.swift */; };
		B066BBA523D3109700816BEB /* NumberHelper.swift in Sources */ = {isa = PBXBuildFile; fileRef = B066BBA423D3109700816BEB /* NumberHelper.swift */; };
		B09F826D23D2434D008A15F8 /* Dice Bag.app in Embed Watch Content */ = {isa = PBXBuildFile; fileRef = B09F826C23D2434D008A15F8 /* Dice Bag.app */; settings = {ATTRIBUTES = (RemoveHeadersOnCopy, ); }; };
		B09F827323D2434D008A15F8 /* Interface.storyboard in Resources */ = {isa = PBXBuildFile; fileRef = B09F827123D2434D008A15F8 /* Interface.storyboard */; };
		B09F827523D2434E008A15F8 /* Assets.xcassets in Resources */ = {isa = PBXBuildFile; fileRef = B09F827423D2434E008A15F8 /* Assets.xcassets */; };
		B09F827C23D2434E008A15F8 /* DiceBag WatchKit Extension.appex in Embed App Extensions */ = {isa = PBXBuildFile; fileRef = B09F827B23D2434E008A15F8 /* DiceBag WatchKit Extension.appex */; settings = {ATTRIBUTES = (RemoveHeadersOnCopy, ); }; };
		B09F828123D2434E008A15F8 /* DicePageController.swift in Sources */ = {isa = PBXBuildFile; fileRef = B09F828023D2434E008A15F8 /* DicePageController.swift */; };
		B09F828323D2434E008A15F8 /* ExtensionDelegate.swift in Sources */ = {isa = PBXBuildFile; fileRef = B09F828223D2434E008A15F8 /* ExtensionDelegate.swift */; };
		B09F828523D2434E008A15F8 /* Assets.xcassets in Resources */ = {isa = PBXBuildFile; fileRef = B09F828423D2434E008A15F8 /* Assets.xcassets */; };
		B0A1F71723D2FFD80061C6A8 /* DiceModel.swift in Sources */ = {isa = PBXBuildFile; fileRef = B0A719AA23D2F5FD00B55D2F /* DiceModel.swift */; };
/* End PBXBuildFile section */

/* Begin PBXContainerItemProxy section */
		B09F826E23D2434D008A15F8 /* PBXContainerItemProxy */ = {
			isa = PBXContainerItemProxy;
			containerPortal = B09F826223D2434D008A15F8 /* Project object */;
			proxyType = 1;
			remoteGlobalIDString = B09F826B23D2434D008A15F8;
			remoteInfo = "DiceBag WatchKit App";
		};
		B09F827D23D2434E008A15F8 /* PBXContainerItemProxy */ = {
			isa = PBXContainerItemProxy;
			containerPortal = B09F826223D2434D008A15F8 /* Project object */;
			proxyType = 1;
			remoteGlobalIDString = B09F827A23D2434E008A15F8;
			remoteInfo = "DiceBag WatchKit Extension";
		};
/* End PBXContainerItemProxy section */

/* Begin PBXCopyFilesBuildPhase section */
		B09F828C23D2434F008A15F8 /* Embed App Extensions */ = {
			isa = PBXCopyFilesBuildPhase;
			buildActionMask = 2147483647;
			dstPath = "";
			dstSubfolderSpec = 13;
			files = (
				B09F827C23D2434E008A15F8 /* DiceBag WatchKit Extension.appex in Embed App Extensions */,
			);
			name = "Embed App Extensions";
			runOnlyForDeploymentPostprocessing = 0;
		};
		B09F829023D2434F008A15F8 /* Embed Watch Content */ = {
			isa = PBXCopyFilesBuildPhase;
			buildActionMask = 2147483647;
			dstPath = "$(CONTENTS_FOLDER_PATH)/Watch";
			dstSubfolderSpec = 16;
			files = (
				B09F826D23D2434D008A15F8 /* Dice Bag.app in Embed Watch Content */,
			);
			name = "Embed Watch Content";
			runOnlyForDeploymentPostprocessing = 0;
		};
/* End PBXCopyFilesBuildPhase section */

/* Begin PBXFileReference section */
		B026897223D50C3100F64690 /* PageLoader.swift */ = {isa = PBXFileReference; lastKnownFileType = sourcecode.swift; path = PageLoader.swift; sourceTree = "<group>"; };
		B066BBA423D3109700816BEB /* NumberHelper.swift */ = {isa = PBXFileReference; lastKnownFileType = sourcecode.swift; path = NumberHelper.swift; sourceTree = "<group>"; };
		B09F826823D2434D008A15F8 /* DiceBag.app */ = {isa = PBXFileReference; explicitFileType = wrapper.application; includeInIndex = 0; path = DiceBag.app; sourceTree = BUILT_PRODUCTS_DIR; };
		B09F826C23D2434D008A15F8 /* Dice Bag.app */ = {isa = PBXFileReference; explicitFileType = wrapper.application; includeInIndex = 0; path = "Dice Bag.app"; sourceTree = BUILT_PRODUCTS_DIR; };
		B09F827223D2434D008A15F8 /* Base */ = {isa = PBXFileReference; lastKnownFileType = file.storyboard; name = Base; path = Base.lproj/Interface.storyboard; sourceTree = "<group>"; };
		B09F827423D2434E008A15F8 /* Assets.xcassets */ = {isa = PBXFileReference; lastKnownFileType = folder.assetcatalog; path = Assets.xcassets; sourceTree = "<group>"; };
		B09F827623D2434E008A15F8 /* Info.plist */ = {isa = PBXFileReference; lastKnownFileType = text.plist.xml; path = Info.plist; sourceTree = "<group>"; };
		B09F827B23D2434E008A15F8 /* DiceBag WatchKit Extension.appex */ = {isa = PBXFileReference; explicitFileType = "wrapper.app-extension"; includeInIndex = 0; path = "DiceBag WatchKit Extension.appex"; sourceTree = BUILT_PRODUCTS_DIR; };
		B09F828023D2434E008A15F8 /* DicePageController.swift */ = {isa = PBXFileReference; lastKnownFileType = sourcecode.swift; path = DicePageController.swift; sourceTree = "<group>"; };
		B09F828223D2434E008A15F8 /* ExtensionDelegate.swift */ = {isa = PBXFileReference; lastKnownFileType = sourcecode.swift; path = ExtensionDelegate.swift; sourceTree = "<group>"; };
		B09F828423D2434E008A15F8 /* Assets.xcassets */ = {isa = PBXFileReference; lastKnownFileType = folder.assetcatalog; path = Assets.xcassets; sourceTree = "<group>"; };
		B09F828623D2434F008A15F8 /* Info.plist */ = {isa = PBXFileReference; lastKnownFileType = text.plist.xml; path = Info.plist; sourceTree = "<group>"; };
		B0A719AA23D2F5FD00B55D2F /* DiceModel.swift */ = {isa = PBXFileReference; lastKnownFileType = sourcecode.swift; path = DiceModel.swift; sourceTree = "<group>"; };
/* End PBXFileReference section */

/* Begin PBXFrameworksBuildPhase section */
		B09F827823D2434E008A15F8 /* Frameworks */ = {
			isa = PBXFrameworksBuildPhase;
			buildActionMask = 2147483647;
			files = (
			);
			runOnlyForDeploymentPostprocessing = 0;
		};
/* End PBXFrameworksBuildPhase section */

/* Begin PBXGroup section */
		B06DE2B523D30B53004CDCF2 /* Helpers */ = {
			isa = PBXGroup;
			children = (
				B066BBA423D3109700816BEB /* NumberHelper.swift */,
				B026897223D50C3100F64690 /* PageLoader.swift */,
			);
			path = Helpers;
			sourceTree = "<group>";
		};
		B09F826123D2434D008A15F8 = {
			isa = PBXGroup;
			children = (
				B09F827023D2434D008A15F8 /* DiceBag WatchKit App */,
				B09F827F23D2434E008A15F8 /* DiceBag WatchKit Extension */,
				B09F826923D2434D008A15F8 /* Products */,
			);
			sourceTree = "<group>";
		};
		B09F826923D2434D008A15F8 /* Products */ = {
			isa = PBXGroup;
			children = (
				B09F826823D2434D008A15F8 /* DiceBag.app */,
				B09F826C23D2434D008A15F8 /* Dice Bag.app */,
				B09F827B23D2434E008A15F8 /* DiceBag WatchKit Extension.appex */,
			);
			name = Products;
			sourceTree = "<group>";
		};
		B09F827023D2434D008A15F8 /* DiceBag WatchKit App */ = {
			isa = PBXGroup;
			children = (
				B09F827423D2434E008A15F8 /* Assets.xcassets */,
				B09F827623D2434E008A15F8 /* Info.plist */,
				B09F827123D2434D008A15F8 /* Interface.storyboard */,
			);
			path = "DiceBag WatchKit App";
			sourceTree = "<group>";
		};
		B09F827F23D2434E008A15F8 /* DiceBag WatchKit Extension */ = {
			isa = PBXGroup;
			children = (
				B06DE2B523D30B53004CDCF2 /* Helpers */,
				B0A719AD23D2F89F00B55D2F /* Model */,
				B0A719AC23D2F89600B55D2F /* Controllers */,
				B09F828223D2434E008A15F8 /* ExtensionDelegate.swift */,
				B09F828423D2434E008A15F8 /* Assets.xcassets */,
				B09F828623D2434F008A15F8 /* Info.plist */,
			);
			path = "DiceBag WatchKit Extension";
			sourceTree = "<group>";
		};
		B0A719AC23D2F89600B55D2F /* Controllers */ = {
			isa = PBXGroup;
			children = (
				B09F828023D2434E008A15F8 /* DicePageController.swift */,
			);
			path = Controllers;
			sourceTree = "<group>";
		};
		B0A719AD23D2F89F00B55D2F /* Model */ = {
			isa = PBXGroup;
			children = (
				B0A719AA23D2F5FD00B55D2F /* DiceModel.swift */,
			);
			path = Model;
			sourceTree = "<group>";
		};
/* End PBXGroup section */

/* Begin PBXNativeTarget section */
		B09F826723D2434D008A15F8 /* DiceBag */ = {
			isa = PBXNativeTarget;
			buildConfigurationList = B09F829123D2434F008A15F8 /* Build configuration list for PBXNativeTarget "DiceBag" */;
			buildPhases = (
				B09F826623D2434D008A15F8 /* Resources */,
				B09F829023D2434F008A15F8 /* Embed Watch Content */,
			);
			buildRules = (
			);
			dependencies = (
				B09F826F23D2434D008A15F8 /* PBXTargetDependency */,
			);
			name = DiceBag;
			productName = DiceBag;
			productReference = B09F826823D2434D008A15F8 /* DiceBag.app */;
			productType = "com.apple.product-type.application.watchapp2-container";
		};
		B09F826B23D2434D008A15F8 /* DiceBag WatchKit App */ = {
			isa = PBXNativeTarget;
			buildConfigurationList = B09F828D23D2434F008A15F8 /* Build configuration list for PBXNativeTarget "DiceBag WatchKit App" */;
			buildPhases = (
				B09F826A23D2434D008A15F8 /* Resources */,
				B09F828C23D2434F008A15F8 /* Embed App Extensions */,
			);
			buildRules = (
			);
			dependencies = (
				B09F827E23D2434E008A15F8 /* PBXTargetDependency */,
			);
			name = "DiceBag WatchKit App";
			productName = "DiceBag WatchKit App";
			productReference = B09F826C23D2434D008A15F8 /* Dice Bag.app */;
			productType = "com.apple.product-type.application.watchapp2";
		};
		B09F827A23D2434E008A15F8 /* DiceBag WatchKit Extension */ = {
			isa = PBXNativeTarget;
			buildConfigurationList = B09F828923D2434F008A15F8 /* Build configuration list for PBXNativeTarget "DiceBag WatchKit Extension" */;
			buildPhases = (
				B09F827723D2434E008A15F8 /* Sources */,
				B09F827823D2434E008A15F8 /* Frameworks */,
				B09F827923D2434E008A15F8 /* Resources */,
			);
			buildRules = (
			);
			dependencies = (
			);
			name = "DiceBag WatchKit Extension";
			productName = "DiceBag WatchKit Extension";
			productReference = B09F827B23D2434E008A15F8 /* DiceBag WatchKit Extension.appex */;
			productType = "com.apple.product-type.watchkit2-extension";
		};
/* End PBXNativeTarget section */

/* Begin PBXProject section */
		B09F826223D2434D008A15F8 /* Project object */ = {
			isa = PBXProject;
			attributes = {
				LastSwiftUpdateCheck = 1130;
				LastUpgradeCheck = 1130;
				ORGANIZATIONNAME = "Anton Cheremukhin";
				TargetAttributes = {
					B09F826723D2434D008A15F8 = {
						CreatedOnToolsVersion = 11.3.1;
					};
					B09F826B23D2434D008A15F8 = {
						CreatedOnToolsVersion = 11.3.1;
					};
					B09F827A23D2434E008A15F8 = {
						CreatedOnToolsVersion = 11.3.1;
					};
				};
			};
			buildConfigurationList = B09F826523D2434D008A15F8 /* Build configuration list for PBXProject "DiceBag" */;
			compatibilityVersion = "Xcode 9.3";
			developmentRegion = en;
			hasScannedForEncodings = 0;
			knownRegions = (
				en,
				Base,
			);
			mainGroup = B09F826123D2434D008A15F8;
			productRefGroup = B09F826923D2434D008A15F8 /* Products */;
			projectDirPath = "";
			projectRoot = "";
			targets = (
				B09F826723D2434D008A15F8 /* DiceBag */,
				B09F826B23D2434D008A15F8 /* DiceBag WatchKit App */,
				B09F827A23D2434E008A15F8 /* DiceBag WatchKit Extension */,
			);
		};
/* End PBXProject section */

/* Begin PBXResourcesBuildPhase section */
		B09F826623D2434D008A15F8 /* Resources */ = {
			isa = PBXResourcesBuildPhase;
			buildActionMask = 2147483647;
			files = (
			);
			runOnlyForDeploymentPostprocessing = 0;
		};
		B09F826A23D2434D008A15F8 /* Resources */ = {
			isa = PBXResourcesBuildPhase;
			buildActionMask = 2147483647;
			files = (
				B09F827523D2434E008A15F8 /* Assets.xcassets in Resources */,
				B09F827323D2434D008A15F8 /* Interface.storyboard in Resources */,
			);
			runOnlyForDeploymentPostprocessing = 0;
		};
		B09F827923D2434E008A15F8 /* Resources */ = {
			isa = PBXResourcesBuildPhase;
			buildActionMask = 2147483647;
			files = (
				B09F828523D2434E008A15F8 /* Assets.xcassets in Resources */,
			);
			runOnlyForDeploymentPostprocessing = 0;
		};
/* End PBXResourcesBuildPhase section */

/* Begin PBXSourcesBuildPhase section */
		B09F827723D2434E008A15F8 /* Sources */ = {
			isa = PBXSourcesBuildPhase;
			buildActionMask = 2147483647;
			files = (
				B0A1F71723D2FFD80061C6A8 /* DiceModel.swift in Sources */,
				B09F828323D2434E008A15F8 /* ExtensionDelegate.swift in Sources */,
				B026897323D50C3100F64690 /* PageLoader.swift in Sources */,
				B066BBA523D3109700816BEB /* NumberHelper.swift in Sources */,
				B09F828123D2434E008A15F8 /* DicePageController.swift in Sources */,
			);
			runOnlyForDeploymentPostprocessing = 0;
		};
/* End PBXSourcesBuildPhase section */

/* Begin PBXTargetDependency section */
		B09F826F23D2434D008A15F8 /* PBXTargetDependency */ = {
			isa = PBXTargetDependency;
			target = B09F826B23D2434D008A15F8 /* DiceBag WatchKit App */;
			targetProxy = B09F826E23D2434D008A15F8 /* PBXContainerItemProxy */;
		};
		B09F827E23D2434E008A15F8 /* PBXTargetDependency */ = {
			isa = PBXTargetDependency;
			target = B09F827A23D2434E008A15F8 /* DiceBag WatchKit Extension */;
			targetProxy = B09F827D23D2434E008A15F8 /* PBXContainerItemProxy */;
		};
/* End PBXTargetDependency section */

/* Begin PBXVariantGroup section */
		B09F827123D2434D008A15F8 /* Interface.storyboard */ = {
			isa = PBXVariantGroup;
			children = (
				B09F827223D2434D008A15F8 /* Base */,
			);
			name = Interface.storyboard;
			sourceTree = "<group>";
		};
/* End PBXVariantGroup section */

/* Begin XCBuildConfiguration section */
		B09F828723D2434F008A15F8 /* Debug */ = {
			isa = XCBuildConfiguration;
			buildSettings = {
				ALWAYS_SEARCH_USER_PATHS = NO;
				CLANG_ANALYZER_NONNULL = YES;
				CLANG_ANALYZER_NUMBER_OBJECT_CONVERSION = YES_AGGRESSIVE;
				CLANG_CXX_LANGUAGE_STANDARD = "gnu++14";
				CLANG_CXX_LIBRARY = "libc++";
				CLANG_ENABLE_MODULES = YES;
				CLANG_ENABLE_OBJC_ARC = YES;
				CLANG_ENABLE_OBJC_WEAK = YES;
				CLANG_WARN_BLOCK_CAPTURE_AUTORELEASING = YES;
				CLANG_WARN_BOOL_CONVERSION = YES;
				CLANG_WARN_COMMA = YES;
				CLANG_WARN_CONSTANT_CONVERSION = YES;
				CLANG_WARN_DEPRECATED_OBJC_IMPLEMENTATIONS = YES;
				CLANG_WARN_DIRECT_OBJC_ISA_USAGE = YES_ERROR;
				CLANG_WARN_DOCUMENTATION_COMMENTS = YES;
				CLANG_WARN_EMPTY_BODY = YES;
				CLANG_WARN_ENUM_CONVERSION = YES;
				CLANG_WARN_INFINITE_RECURSION = YES;
				CLANG_WARN_INT_CONVERSION = YES;
				CLANG_WARN_NON_LITERAL_NULL_CONVERSION = YES;
				CLANG_WARN_OBJC_IMPLICIT_RETAIN_SELF = YES;
				CLANG_WARN_OBJC_LITERAL_CONVERSION = YES;
				CLANG_WARN_OBJC_ROOT_CLASS = YES_ERROR;
				CLANG_WARN_RANGE_LOOP_ANALYSIS = YES;
				CLANG_WARN_STRICT_PROTOTYPES = YES;
				CLANG_WARN_SUSPICIOUS_MOVE = YES;
				CLANG_WARN_UNGUARDED_AVAILABILITY = YES_AGGRESSIVE;
				CLANG_WARN_UNREACHABLE_CODE = YES;
				CLANG_WARN__DUPLICATE_METHOD_MATCH = YES;
				COPY_PHASE_STRIP = NO;
				DEBUG_INFORMATION_FORMAT = dwarf;
				ENABLE_STRICT_OBJC_MSGSEND = YES;
				ENABLE_TESTABILITY = YES;
				GCC_C_LANGUAGE_STANDARD = gnu11;
				GCC_DYNAMIC_NO_PIC = NO;
				GCC_NO_COMMON_BLOCKS = YES;
				GCC_OPTIMIZATION_LEVEL = 0;
				GCC_PREPROCESSOR_DEFINITIONS = (
					"DEBUG=1",
					"$(inherited)",
				);
				GCC_WARN_64_TO_32_BIT_CONVERSION = YES;
				GCC_WARN_ABOUT_RETURN_TYPE = YES_ERROR;
				GCC_WARN_UNDECLARED_SELECTOR = YES;
				GCC_WARN_UNINITIALIZED_AUTOS = YES_AGGRESSIVE;
				GCC_WARN_UNUSED_FUNCTION = YES;
				GCC_WARN_UNUSED_VARIABLE = YES;
				MTL_ENABLE_DEBUG_INFO = INCLUDE_SOURCE;
				MTL_FAST_MATH = YES;
				ONLY_ACTIVE_ARCH = YES;
				SDKROOT = iphoneos;
				SWIFT_ACTIVE_COMPILATION_CONDITIONS = DEBUG;
				SWIFT_OPTIMIZATION_LEVEL = "-Onone";
			};
			name = Debug;
		};
		B09F828823D2434F008A15F8 /* Release */ = {
			isa = XCBuildConfiguration;
			buildSettings = {
				ALWAYS_SEARCH_USER_PATHS = NO;
				CLANG_ANALYZER_NONNULL = YES;
				CLANG_ANALYZER_NUMBER_OBJECT_CONVERSION = YES_AGGRESSIVE;
				CLANG_CXX_LANGUAGE_STANDARD = "gnu++14";
				CLANG_CXX_LIBRARY = "libc++";
				CLANG_ENABLE_MODULES = YES;
				CLANG_ENABLE_OBJC_ARC = YES;
				CLANG_ENABLE_OBJC_WEAK = YES;
				CLANG_WARN_BLOCK_CAPTURE_AUTORELEASING = YES;
				CLANG_WARN_BOOL_CONVERSION = YES;
				CLANG_WARN_COMMA = YES;
				CLANG_WARN_CONSTANT_CONVERSION = YES;
				CLANG_WARN_DEPRECATED_OBJC_IMPLEMENTATIONS = YES;
				CLANG_WARN_DIRECT_OBJC_ISA_USAGE = YES_ERROR;
				CLANG_WARN_DOCUMENTATION_COMMENTS = YES;
				CLANG_WARN_EMPTY_BODY = YES;
				CLANG_WARN_ENUM_CONVERSION = YES;
				CLANG_WARN_INFINITE_RECURSION = YES;
				CLANG_WARN_INT_CONVERSION = YES;
				CLANG_WARN_NON_LITERAL_NULL_CONVERSION = YES;
				CLANG_WARN_OBJC_IMPLICIT_RETAIN_SELF = YES;
				CLANG_WARN_OBJC_LITERAL_CONVERSION = YES;
				CLANG_WARN_OBJC_ROOT_CLASS = YES_ERROR;
				CLANG_WARN_RANGE_LOOP_ANALYSIS = YES;
				CLANG_WARN_STRICT_PROTOTYPES = YES;
				CLANG_WARN_SUSPICIOUS_MOVE = YES;
				CLANG_WARN_UNGUARDED_AVAILABILITY = YES_AGGRESSIVE;
				CLANG_WARN_UNREACHABLE_CODE = YES;
				CLANG_WARN__DUPLICATE_METHOD_MATCH = YES;
				COPY_PHASE_STRIP = NO;
				DEBUG_INFORMATION_FORMAT = "dwarf-with-dsym";
				ENABLE_NS_ASSERTIONS = NO;
				ENABLE_STRICT_OBJC_MSGSEND = YES;
				GCC_C_LANGUAGE_STANDARD = gnu11;
				GCC_NO_COMMON_BLOCKS = YES;
				GCC_WARN_64_TO_32_BIT_CONVERSION = YES;
				GCC_WARN_ABOUT_RETURN_TYPE = YES_ERROR;
				GCC_WARN_UNDECLARED_SELECTOR = YES;
				GCC_WARN_UNINITIALIZED_AUTOS = YES_AGGRESSIVE;
				GCC_WARN_UNUSED_FUNCTION = YES;
				GCC_WARN_UNUSED_VARIABLE = YES;
				MTL_ENABLE_DEBUG_INFO = NO;
				MTL_FAST_MATH = YES;
				SDKROOT = iphoneos;
				SWIFT_COMPILATION_MODE = wholemodule;
				SWIFT_OPTIMIZATION_LEVEL = "-O";
				VALIDATE_PRODUCT = YES;
			};
			name = Release;
		};
		B09F828A23D2434F008A15F8 /* Debug */ = {
			isa = XCBuildConfiguration;
			buildSettings = {
				ASSETCATALOG_COMPILER_COMPLICATION_NAME = Complication;
				CODE_SIGN_STYLE = Automatic;
				DEVELOPMENT_TEAM = 3P4A5272M2;
				INFOPLIST_FILE = "DiceBag WatchKit Extension/Info.plist";
				LD_RUNPATH_SEARCH_PATHS = (
					"$(inherited)",
					"@executable_path/Frameworks",
					"@executable_path/../../Frameworks",
				);
				PRODUCT_BUNDLE_IDENTIFIER = com.AutumnDynamics.DiceBag.watchkitapp.watchkitextension;
				PRODUCT_NAME = "${TARGET_NAME}";
				SDKROOT = watchos;
				SKIP_INSTALL = YES;
				SWIFT_VERSION = 5.0;
				TARGETED_DEVICE_FAMILY = 4;
				WATCHOS_DEPLOYMENT_TARGET = 6.1;
			};
			name = Debug;
		};
		B09F828B23D2434F008A15F8 /* Release */ = {
			isa = XCBuildConfiguration;
			buildSettings = {
				ASSETCATALOG_COMPILER_COMPLICATION_NAME = Complication;
				CODE_SIGN_STYLE = Automatic;
				DEVELOPMENT_TEAM = 3P4A5272M2;
				INFOPLIST_FILE = "DiceBag WatchKit Extension/Info.plist";
				LD_RUNPATH_SEARCH_PATHS = (
					"$(inherited)",
					"@executable_path/Frameworks",
					"@executable_path/../../Frameworks",
				);
				PRODUCT_BUNDLE_IDENTIFIER = com.AutumnDynamics.DiceBag.watchkitapp.watchkitextension;
				PRODUCT_NAME = "${TARGET_NAME}";
				SDKROOT = watchos;
				SKIP_INSTALL = YES;
				SWIFT_VERSION = 5.0;
				TARGETED_DEVICE_FAMILY = 4;
				WATCHOS_DEPLOYMENT_TARGET = 6.1;
			};
			name = Release;
		};
		B09F828E23D2434F008A15F8 /* Debug */ = {
			isa = XCBuildConfiguration;
			buildSettings = {
				ALWAYS_EMBED_SWIFT_STANDARD_LIBRARIES = YES;
				ASSETCATALOG_COMPILER_APPICON_NAME = AppIcon;
				CODE_SIGN_STYLE = Automatic;
				DEVELOPMENT_TEAM = 3P4A5272M2;
				IBSC_MODULE = DiceBag_WatchKit_Extension;
				INFOPLIST_FILE = "DiceBag WatchKit App/Info.plist";
				PRODUCT_BUNDLE_IDENTIFIER = com.AutumnDynamics.DiceBag.watchkitapp;
				PRODUCT_NAME = "Dice Bag";
				SDKROOT = watchos;
				SKIP_INSTALL = YES;
				SWIFT_VERSION = 5.0;
				TARGETED_DEVICE_FAMILY = 4;
				WATCHOS_DEPLOYMENT_TARGET = 6.1;
			};
			name = Debug;
		};
		B09F828F23D2434F008A15F8 /* Release */ = {
			isa = XCBuildConfiguration;
			buildSettings = {
				ALWAYS_EMBED_SWIFT_STANDARD_LIBRARIES = YES;
				ASSETCATALOG_COMPILER_APPICON_NAME = AppIcon;
				CODE_SIGN_STYLE = Automatic;
				DEVELOPMENT_TEAM = 3P4A5272M2;
				IBSC_MODULE = DiceBag_WatchKit_Extension;
				INFOPLIST_FILE = "DiceBag WatchKit App/Info.plist";
				PRODUCT_BUNDLE_IDENTIFIER = com.AutumnDynamics.DiceBag.watchkitapp;
				PRODUCT_NAME = "Dice Bag";
				SDKROOT = watchos;
				SKIP_INSTALL = YES;
				SWIFT_VERSION = 5.0;
				TARGETED_DEVICE_FAMILY = 4;
				WATCHOS_DEPLOYMENT_TARGET = 6.1;
			};
			name = Release;
		};
		B09F829223D2434F008A15F8 /* Debug */ = {
			isa = XCBuildConfiguration;
			buildSettings = {
				CODE_SIGN_STYLE = Automatic;
				CURRENT_PROJECT_VERSION = 1;
				DEVELOPMENT_TEAM = 3P4A5272M2;
				MARKETING_VERSION = 1.0;
				PRODUCT_BUNDLE_IDENTIFIER = com.AutumnDynamics.DiceBag;
				PRODUCT_NAME = "$(TARGET_NAME)";
				SWIFT_VERSION = 5.0;
			};
			name = Debug;
		};
		B09F829323D2434F008A15F8 /* Release */ = {
			isa = XCBuildConfiguration;
			buildSettings = {
				CODE_SIGN_STYLE = Automatic;
				CURRENT_PROJECT_VERSION = 1;
				DEVELOPMENT_TEAM = 3P4A5272M2;
				MARKETING_VERSION = 1.0;
				PRODUCT_BUNDLE_IDENTIFIER = com.AutumnDynamics.DiceBag;
				PRODUCT_NAME = "$(TARGET_NAME)";
				SWIFT_VERSION = 5.0;
			};
			name = Release;
		};
/* End XCBuildConfiguration section */

/* Begin XCConfigurationList section */
		B09F826523D2434D008A15F8 /* Build configuration list for PBXProject "DiceBag" */ = {
			isa = XCConfigurationList;
			buildConfigurations = (
				B09F828723D2434F008A15F8 /* Debug */,
				B09F828823D2434F008A15F8 /* Release */,
			);
			defaultConfigurationIsVisible = 0;
			defaultConfigurationName = Release;
		};
		B09F828923D2434F008A15F8 /* Build configuration list for PBXNativeTarget "DiceBag WatchKit Extension" */ = {
			isa = XCConfigurationList;
			buildConfigurations = (
				B09F828A23D2434F008A15F8 /* Debug */,
				B09F828B23D2434F008A15F8 /* Release */,
			);
			defaultConfigurationIsVisible = 0;
			defaultConfigurationName = Release;
		};
		B09F828D23D2434F008A15F8 /* Build configuration list for PBXNativeTarget "DiceBag WatchKit App" */ = {
			isa = XCConfigurationList;
			buildConfigurations = (
				B09F828E23D2434F008A15F8 /* Debug */,
				B09F828F23D2434F008A15F8 /* Release */,
			);
			defaultConfigurationIsVisible = 0;
			defaultConfigurationName = Release;
		};
		B09F829123D2434F008A15F8 /* Build configuration list for PBXNativeTarget "DiceBag" */ = {
			isa = XCConfigurationList;
			buildConfigurations = (
				B09F829223D2434F008A15F8 /* Debug */,
				B09F829323D2434F008A15F8 /* Release */,
			);
			defaultConfigurationIsVisible = 0;
			defaultConfigurationName = Release;
		};
/* End XCConfigurationList section */
	};
	rootObject = B09F826223D2434D008A15F8 /* Project object */;
}
